// !$*UTF8*$!
{
	archiveVersion = 1;
	classes = {
	};
	objectVersion = 55;
	objects = {

/* Begin PBXBuildFile section */
		F3030792282C1C0E0079D051 /* OpenViewController.swift in Sources */ = {isa = PBXBuildFile; fileRef = F3030791282C1C0E0079D051 /* OpenViewController.swift */; };
		F3030794282C3B740079D051 /* QuestionFile.swift in Sources */ = {isa = PBXBuildFile; fileRef = F3030793282C3B740079D051 /* QuestionFile.swift */; };
		F317DC56282D724000B439CC /* AlertView.swift in Sources */ = {isa = PBXBuildFile; fileRef = F317DC55282D724000B439CC /* AlertView.swift */; };
		F317DC58282D74D200B439CC /* AlertViewController.swift in Sources */ = {isa = PBXBuildFile; fileRef = F317DC57282D74D200B439CC /* AlertViewController.swift */; };
		F317DC5A282D7CF500B439CC /* UIAlertController+Extension.swift in Sources */ = {isa = PBXBuildFile; fileRef = F317DC59282D7CF500B439CC /* UIAlertController+Extension.swift */; };
		F33C70D728284E24007CD65B /* Question.swift in Sources */ = {isa = PBXBuildFile; fileRef = F33C70D628284E24007CD65B /* Question.swift */; };
		F33C70DA28284F13007CD65B /* QuizBrain.swift in Sources */ = {isa = PBXBuildFile; fileRef = F33C70D928284F13007CD65B /* QuizBrain.swift */; };
		F33C70DC282967A4007CD65B /* SettingsButton.swift in Sources */ = {isa = PBXBuildFile; fileRef = F33C70DB282967A4007CD65B /* SettingsButton.swift */; };
		F34FC0FD28256BF80075DF21 /* AppDelegate.swift in Sources */ = {isa = PBXBuildFile; fileRef = F34FC0FC28256BF80075DF21 /* AppDelegate.swift */; };
		F34FC0FF28256BF80075DF21 /* SceneDelegate.swift in Sources */ = {isa = PBXBuildFile; fileRef = F34FC0FE28256BF80075DF21 /* SceneDelegate.swift */; };
		F34FC10128256BF80075DF21 /* QuestionViewController.swift in Sources */ = {isa = PBXBuildFile; fileRef = F34FC10028256BF80075DF21 /* QuestionViewController.swift */; };
		F34FC10628256BFA0075DF21 /* Assets.xcassets in Resources */ = {isa = PBXBuildFile; fileRef = F34FC10528256BFA0075DF21 /* Assets.xcassets */; };
		F34FC10928256BFA0075DF21 /* LaunchScreen.storyboard in Resources */ = {isa = PBXBuildFile; fileRef = F34FC10728256BFA0075DF21 /* LaunchScreen.storyboard */; };
/* End PBXBuildFile section */

/* Begin PBXFileReference section */
		F3030791282C1C0E0079D051 /* OpenViewController.swift */ = {isa = PBXFileReference; lastKnownFileType = sourcecode.swift; path = OpenViewController.swift; sourceTree = "<group>"; };
		F3030793282C3B740079D051 /* QuestionFile.swift */ = {isa = PBXFileReference; lastKnownFileType = sourcecode.swift; path = QuestionFile.swift; sourceTree = "<group>"; };
		F317DC55282D724000B439CC /* AlertView.swift */ = {isa = PBXFileReference; lastKnownFileType = sourcecode.swift; path = AlertView.swift; sourceTree = "<group>"; };
		F317DC57282D74D200B439CC /* AlertViewController.swift */ = {isa = PBXFileReference; lastKnownFileType = sourcecode.swift; path = AlertViewController.swift; sourceTree = "<group>"; };
		F317DC59282D7CF500B439CC /* UIAlertController+Extension.swift */ = {isa = PBXFileReference; lastKnownFileType = sourcecode.swift; path = "UIAlertController+Extension.swift"; sourceTree = "<group>"; };
		F33C70D628284E24007CD65B /* Question.swift */ = {isa = PBXFileReference; lastKnownFileType = sourcecode.swift; path = Question.swift; sourceTree = "<group>"; };
		F33C70D928284F13007CD65B /* QuizBrain.swift */ = {isa = PBXFileReference; lastKnownFileType = sourcecode.swift; path = QuizBrain.swift; sourceTree = "<group>"; };
		F33C70DB282967A4007CD65B /* SettingsButton.swift */ = {isa = PBXFileReference; lastKnownFileType = sourcecode.swift; path = SettingsButton.swift; sourceTree = "<group>"; };
		F34FC0F928256BF80075DF21 /* Quiz.app */ = {isa = PBXFileReference; explicitFileType = wrapper.application; includeInIndex = 0; path = Quiz.app; sourceTree = BUILT_PRODUCTS_DIR; };
		F34FC0FC28256BF80075DF21 /* AppDelegate.swift */ = {isa = PBXFileReference; lastKnownFileType = sourcecode.swift; path = AppDelegate.swift; sourceTree = "<group>"; };
		F34FC0FE28256BF80075DF21 /* SceneDelegate.swift */ = {isa = PBXFileReference; lastKnownFileType = sourcecode.swift; path = SceneDelegate.swift; sourceTree = "<group>"; };
		F34FC10028256BF80075DF21 /* QuestionViewController.swift */ = {isa = PBXFileReference; lastKnownFileType = sourcecode.swift; path = QuestionViewController.swift; sourceTree = "<group>"; };
		F34FC10528256BFA0075DF21 /* Assets.xcassets */ = {isa = PBXFileReference; lastKnownFileType = folder.assetcatalog; path = Assets.xcassets; sourceTree = "<group>"; };
		F34FC10828256BFA0075DF21 /* Base */ = {isa = PBXFileReference; lastKnownFileType = file.storyboard; name = Base; path = Base.lproj/LaunchScreen.storyboard; sourceTree = "<group>"; };
		F34FC10A28256BFA0075DF21 /* Info.plist */ = {isa = PBXFileReference; lastKnownFileType = text.plist.xml; path = Info.plist; sourceTree = "<group>"; };
/* End PBXFileReference section */

/* Begin PBXFrameworksBuildPhase section */
		F34FC0F628256BF80075DF21 /* Frameworks */ = {
			isa = PBXFrameworksBuildPhase;
			buildActionMask = 2147483647;
			files = (
			);
			runOnlyForDeploymentPostprocessing = 0;
		};
/* End PBXFrameworksBuildPhase section */

/* Begin PBXGroup section */
		F3030795282C42B70079D051 /* View */ = {
			isa = PBXGroup;
			children = (
				F317DC55282D724000B439CC /* AlertView.swift */,
				F3030793282C3B740079D051 /* QuestionFile.swift */,
			);
			path = View;
			sourceTree = "<group>";
		};
		F3030796282C42CC0079D051 /* Controllers */ = {
			isa = PBXGroup;
			children = (
				F34FC10028256BF80075DF21 /* QuestionViewController.swift */,
				F3030791282C1C0E0079D051 /* OpenViewController.swift */,
				F317DC57282D74D200B439CC /* AlertViewController.swift */,
			);
			path = Controllers;
			sourceTree = "<group>";
		};
		F33C70D828284E29007CD65B /* Models */ = {
			isa = PBXGroup;
			children = (
				F33C70D628284E24007CD65B /* Question.swift */,
				F33C70D928284F13007CD65B /* QuizBrain.swift */,
			);
			path = Models;
			sourceTree = "<group>";
		};
		F34FC0F028256BF80075DF21 = {
			isa = PBXGroup;
			children = (
				F34FC0FB28256BF80075DF21 /* Quiz */,
				F34FC0FA28256BF80075DF21 /* Products */,
			);
			sourceTree = "<group>";
		};
		F34FC0FA28256BF80075DF21 /* Products */ = {
			isa = PBXGroup;
			children = (
				F34FC0F928256BF80075DF21 /* Quiz.app */,
			);
			name = Products;
			sourceTree = "<group>";
		};
		F34FC0FB28256BF80075DF21 /* Quiz */ = {
			isa = PBXGroup;
			children = (
				F34FC0FC28256BF80075DF21 /* AppDelegate.swift */,
				F34FC0FE28256BF80075DF21 /* SceneDelegate.swift */,
				F33C70DB282967A4007CD65B /* SettingsButton.swift */,
				F317DC59282D7CF500B439CC /* UIAlertController+Extension.swift */,
				F33C70D828284E29007CD65B /* Models */,
				F3030795282C42B70079D051 /* View */,
				F3030796282C42CC0079D051 /* Controllers */,
				F34FC10528256BFA0075DF21 /* Assets.xcassets */,
				F34FC10728256BFA0075DF21 /* LaunchScreen.storyboard */,
				F34FC10A28256BFA0075DF21 /* Info.plist */,
			);
			path = Quiz;
			sourceTree = "<group>";
		};
/* End PBXGroup section */

/* Begin PBXNativeTarget section */
		F34FC0F828256BF80075DF21 /* Quiz */ = {
			isa = PBXNativeTarget;
			buildConfigurationList = F34FC10D28256BFA0075DF21 /* Build configuration list for PBXNativeTarget "Quiz" */;
			buildPhases = (
				F34FC0F528256BF80075DF21 /* Sources */,
				F34FC0F628256BF80075DF21 /* Frameworks */,
				F34FC0F728256BF80075DF21 /* Resources */,
			);
			buildRules = (
			);
			dependencies = (
			);
			name = Quiz;
			productName = Quiz;
			productReference = F34FC0F928256BF80075DF21 /* Quiz.app */;
			productType = "com.apple.product-type.application";
		};
/* End PBXNativeTarget section */

/* Begin PBXProject section */
		F34FC0F128256BF80075DF21 /* Project object */ = {
			isa = PBXProject;
			attributes = {
				BuildIndependentTargetsInParallel = 1;
				LastSwiftUpdateCheck = 1330;
				LastUpgradeCheck = 1330;
				TargetAttributes = {
					F34FC0F828256BF80075DF21 = {
						CreatedOnToolsVersion = 13.3.1;
					};
				};
			};
			buildConfigurationList = F34FC0F428256BF80075DF21 /* Build configuration list for PBXProject "Quiz" */;
			compatibilityVersion = "Xcode 13.0";
			developmentRegion = en;
			hasScannedForEncodings = 0;
			knownRegions = (
				en,
				Base,
			);
			mainGroup = F34FC0F028256BF80075DF21;
			productRefGroup = F34FC0FA28256BF80075DF21 /* Products */;
			projectDirPath = "";
			projectRoot = "";
			targets = (
				F34FC0F828256BF80075DF21 /* Quiz */,
			);
		};
/* End PBXProject section */

/* Begin PBXResourcesBuildPhase section */
		F34FC0F728256BF80075DF21 /* Resources */ = {
			isa = PBXResourcesBuildPhase;
			buildActionMask = 2147483647;
			files = (
				F34FC10928256BFA0075DF21 /* LaunchScreen.storyboard in Resources */,
				F34FC10628256BFA0075DF21 /* Assets.xcassets in Resources */,
			);
			runOnlyForDeploymentPostprocessing = 0;
		};
/* End PBXResourcesBuildPhase section */

/* Begin PBXSourcesBuildPhase section */
		F34FC0F528256BF80075DF21 /* Sources */ = {
			isa = PBXSourcesBuildPhase;
			buildActionMask = 2147483647;
			files = (
				F33C70DA28284F13007CD65B /* QuizBrain.swift in Sources */,
				F34FC10128256BF80075DF21 /* QuestionViewController.swift in Sources */,
				F317DC5A282D7CF500B439CC /* UIAlertController+Extension.swift in Sources */,
				F317DC56282D724000B439CC /* AlertView.swift in Sources */,
				F317DC58282D74D200B439CC /* AlertViewController.swift in Sources */,
				F33C70D728284E24007CD65B /* Question.swift in Sources */,
				F34FC0FD28256BF80075DF21 /* AppDelegate.swift in Sources */,
				F33C70DC282967A4007CD65B /* SettingsButton.swift in Sources */,
				F3030794282C3B740079D051 /* QuestionFile.swift in Sources */,
				F34FC0FF28256BF80075DF21 /* SceneDelegate.swift in Sources */,
				F3030792282C1C0E0079D051 /* OpenViewController.swift in Sources */,
			);
			runOnlyForDeploymentPostprocessing = 0;
		};
/* End PBXSourcesBuildPhase section */

/* Begin PBXVariantGroup section */
		F34FC10728256BFA0075DF21 /* LaunchScreen.storyboard */ = {
			isa = PBXVariantGroup;
			children = (
				F34FC10828256BFA0075DF21 /* Base */,
			);
			name = LaunchScreen.storyboard;
			sourceTree = "<group>";
		};
/* End PBXVariantGroup section */

/* Begin XCBuildConfiguration section */
		F34FC10B28256BFA0075DF21 /* Debug */ = {
			isa = XCBuildConfiguration;
			buildSettings = {
				ALWAYS_SEARCH_USER_PATHS = NO;
				CLANG_ANALYZER_NONNULL = YES;
				CLANG_ANALYZER_NUMBER_OBJECT_CONVERSION = YES_AGGRESSIVE;
				CLANG_CXX_LANGUAGE_STANDARD = "gnu++17";
				CLANG_ENABLE_MODULES = YES;
				CLANG_ENABLE_OBJC_ARC = YES;
				CLANG_ENABLE_OBJC_WEAK = YES;
				CLANG_WARN_BLOCK_CAPTURE_AUTORELEASING = YES;
				CLANG_WARN_BOOL_CONVERSION = YES;
				CLANG_WARN_COMMA = YES;
				CLANG_WARN_CONSTANT_CONVERSION = YES;
				CLANG_WARN_DEPRECATED_OBJC_IMPLEMENTATIONS = YES;
				CLANG_WARN_DIRECT_OBJC_ISA_USAGE = YES_ERROR;
				CLANG_WARN_DOCUMENTATION_COMMENTS = YES;
				CLANG_WARN_EMPTY_BODY = YES;
				CLANG_WARN_ENUM_CONVERSION = YES;
				CLANG_WARN_INFINITE_RECURSION = YES;
				CLANG_WARN_INT_CONVERSION = YES;
				CLANG_WARN_NON_LITERAL_NULL_CONVERSION = YES;
				CLANG_WARN_OBJC_IMPLICIT_RETAIN_SELF = YES;
				CLANG_WARN_OBJC_LITERAL_CONVERSION = YES;
				CLANG_WARN_OBJC_ROOT_CLASS = YES_ERROR;
				CLANG_WARN_QUOTED_INCLUDE_IN_FRAMEWORK_HEADER = YES;
				CLANG_WARN_RANGE_LOOP_ANALYSIS = YES;
				CLANG_WARN_STRICT_PROTOTYPES = YES;
				CLANG_WARN_SUSPICIOUS_MOVE = YES;
				CLANG_WARN_UNGUARDED_AVAILABILITY = YES_AGGRESSIVE;
				CLANG_WARN_UNREACHABLE_CODE = YES;
				CLANG_WARN__DUPLICATE_METHOD_MATCH = YES;
				COPY_PHASE_STRIP = NO;
				DEBUG_INFORMATION_FORMAT = dwarf;
				ENABLE_STRICT_OBJC_MSGSEND = YES;
				ENABLE_TESTABILITY = YES;
				GCC_C_LANGUAGE_STANDARD = gnu11;
				GCC_DYNAMIC_NO_PIC = NO;
				GCC_NO_COMMON_BLOCKS = YES;
				GCC_OPTIMIZATION_LEVEL = 0;
				GCC_PREPROCESSOR_DEFINITIONS = (
					"DEBUG=1",
					"$(inherited)",
				);
				GCC_WARN_64_TO_32_BIT_CONVERSION = YES;
				GCC_WARN_ABOUT_RETURN_TYPE = YES_ERROR;
				GCC_WARN_UNDECLARED_SELECTOR = YES;
				GCC_WARN_UNINITIALIZED_AUTOS = YES_AGGRESSIVE;
				GCC_WARN_UNUSED_FUNCTION = YES;
				GCC_WARN_UNUSED_VARIABLE = YES;
				IPHONEOS_DEPLOYMENT_TARGET = 15.4;
				MTL_ENABLE_DEBUG_INFO = INCLUDE_SOURCE;
				MTL_FAST_MATH = YES;
				ONLY_ACTIVE_ARCH = YES;
				SDKROOT = iphoneos;
				SWIFT_ACTIVE_COMPILATION_CONDITIONS = DEBUG;
				SWIFT_OPTIMIZATION_LEVEL = "-Onone";
			};
			name = Debug;
		};
		F34FC10C28256BFA0075DF21 /* Release */ = {
			isa = XCBuildConfiguration;
			buildSettings = {
				ALWAYS_SEARCH_USER_PATHS = NO;
				CLANG_ANALYZER_NONNULL = YES;
				CLANG_ANALYZER_NUMBER_OBJECT_CONVERSION = YES_AGGRESSIVE;
				CLANG_CXX_LANGUAGE_STANDARD = "gnu++17";
				CLANG_ENABLE_MODULES = YES;
				CLANG_ENABLE_OBJC_ARC = YES;
				CLANG_ENABLE_OBJC_WEAK = YES;
				CLANG_WARN_BLOCK_CAPTURE_AUTORELEASING = YES;
				CLANG_WARN_BOOL_CONVERSION = YES;
				CLANG_WARN_COMMA = YES;
				CLANG_WARN_CONSTANT_CONVERSION = YES;
				CLANG_WARN_DEPRECATED_OBJC_IMPLEMENTATIONS = YES;
				CLANG_WARN_DIRECT_OBJC_ISA_USAGE = YES_ERROR;
				CLANG_WARN_DOCUMENTATION_COMMENTS = YES;
				CLANG_WARN_EMPTY_BODY = YES;
				CLANG_WARN_ENUM_CONVERSION = YES;
				CLANG_WARN_INFINITE_RECURSION = YES;
				CLANG_WARN_INT_CONVERSION = YES;
				CLANG_WARN_NON_LITERAL_NULL_CONVERSION = YES;
				CLANG_WARN_OBJC_IMPLICIT_RETAIN_SELF = YES;
				CLANG_WARN_OBJC_LITERAL_CONVERSION = YES;
				CLANG_WARN_OBJC_ROOT_CLASS = YES_ERROR;
				CLANG_WARN_QUOTED_INCLUDE_IN_FRAMEWORK_HEADER = YES;
				CLANG_WARN_RANGE_LOOP_ANALYSIS = YES;
				CLANG_WARN_STRICT_PROTOTYPES = YES;
				CLANG_WARN_SUSPICIOUS_MOVE = YES;
				CLANG_WARN_UNGUARDED_AVAILABILITY = YES_AGGRESSIVE;
				CLANG_WARN_UNREACHABLE_CODE = YES;
				CLANG_WARN__DUPLICATE_METHOD_MATCH = YES;
				COPY_PHASE_STRIP = NO;
				DEBUG_INFORMATION_FORMAT = "dwarf-with-dsym";
				ENABLE_NS_ASSERTIONS = NO;
				ENABLE_STRICT_OBJC_MSGSEND = YES;
				GCC_C_LANGUAGE_STANDARD = gnu11;
				GCC_NO_COMMON_BLOCKS = YES;
				GCC_WARN_64_TO_32_BIT_CONVERSION = YES;
				GCC_WARN_ABOUT_RETURN_TYPE = YES_ERROR;
				GCC_WARN_UNDECLARED_SELECTOR = YES;
				GCC_WARN_UNINITIALIZED_AUTOS = YES_AGGRESSIVE;
				GCC_WARN_UNUSED_FUNCTION = YES;
				GCC_WARN_UNUSED_VARIABLE = YES;
				IPHONEOS_DEPLOYMENT_TARGET = 15.4;
				MTL_ENABLE_DEBUG_INFO = NO;
				MTL_FAST_MATH = YES;
				SDKROOT = iphoneos;
				SWIFT_COMPILATION_MODE = wholemodule;
				SWIFT_OPTIMIZATION_LEVEL = "-O";
				VALIDATE_PRODUCT = YES;
			};
			name = Release;
		};
		F34FC10E28256BFA0075DF21 /* Debug */ = {
			isa = XCBuildConfiguration;
			buildSettings = {
				ASSETCATALOG_COMPILER_APPICON_NAME = AppIcon;
				ASSETCATALOG_COMPILER_GLOBAL_ACCENT_COLOR_NAME = AccentColor;
				CODE_SIGN_STYLE = Automatic;
				CURRENT_PROJECT_VERSION = 1;
				DEVELOPMENT_TEAM = 93Q524JYZD;
				GENERATE_INFOPLIST_FILE = YES;
				INFOPLIST_FILE = Quiz/Info.plist;
				INFOPLIST_KEY_UIApplicationSupportsIndirectInputEvents = YES;
				INFOPLIST_KEY_UILaunchStoryboardName = LaunchScreen;
				INFOPLIST_KEY_UISupportedInterfaceOrientations_iPad = "UIInterfaceOrientationPortrait UIInterfaceOrientationPortraitUpsideDown UIInterfaceOrientationLandscapeLeft UIInterfaceOrientationLandscapeRight";
				INFOPLIST_KEY_UISupportedInterfaceOrientations_iPhone = "UIInterfaceOrientationPortrait UIInterfaceOrientationLandscapeLeft UIInterfaceOrientationLandscapeRight";
				LD_RUNPATH_SEARCH_PATHS = (
					"$(inherited)",
					"@executable_path/Frameworks",
				);
				MARKETING_VERSION = 1.0;
				PRODUCT_BUNDLE_IDENTIFIER = nervuse.Quiz;
				PRODUCT_NAME = "$(TARGET_NAME)";
				SWIFT_EMIT_LOC_STRINGS = YES;
				SWIFT_VERSION = 5.0;
				TARGETED_DEVICE_FAMILY = "1,2";
			};
			name = Debug;
		};
		F34FC10F28256BFA0075DF21 /* Release */ = {
			isa = XCBuildConfiguration;
			buildSettings = {
				ASSETCATALOG_COMPILER_APPICON_NAME = AppIcon;
				ASSETCATALOG_COMPILER_GLOBAL_ACCENT_COLOR_NAME = AccentColor;
				CODE_SIGN_STYLE = Automatic;
				CURRENT_PROJECT_VERSION = 1;
				DEVELOPMENT_TEAM = 93Q524JYZD;
				GENERATE_INFOPLIST_FILE = YES;
				INFOPLIST_FILE = Quiz/Info.plist;
				INFOPLIST_KEY_UIApplicationSupportsIndirectInputEvents = YES;
				INFOPLIST_KEY_UILaunchStoryboardName = LaunchScreen;
				INFOPLIST_KEY_UISupportedInterfaceOrientations_iPad = "UIInterfaceOrientationPortrait UIInterfaceOrientationPortraitUpsideDown UIInterfaceOrientationLandscapeLeft UIInterfaceOrientationLandscapeRight";
				INFOPLIST_KEY_UISupportedInterfaceOrientations_iPhone = "UIInterfaceOrientationPortrait UIInterfaceOrientationLandscapeLeft UIInterfaceOrientationLandscapeRight";
				LD_RUNPATH_SEARCH_PATHS = (
					"$(inherited)",
					"@executable_path/Frameworks",
				);
				MARKETING_VERSION = 1.0;
				PRODUCT_BUNDLE_IDENTIFIER = nervuse.Quiz;
				PRODUCT_NAME = "$(TARGET_NAME)";
				SWIFT_EMIT_LOC_STRINGS = YES;
				SWIFT_VERSION = 5.0;
				TARGETED_DEVICE_FAMILY = "1,2";
			};
			name = Release;
		};
/* End XCBuildConfiguration section */

/* Begin XCConfigurationList section */
		F34FC0F428256BF80075DF21 /* Build configuration list for PBXProject "Quiz" */ = {
			isa = XCConfigurationList;
			buildConfigurations = (
				F34FC10B28256BFA0075DF21 /* Debug */,
				F34FC10C28256BFA0075DF21 /* Release */,
			);
			defaultConfigurationIsVisible = 0;
			defaultConfigurationName = Release;
		};
		F34FC10D28256BFA0075DF21 /* Build configuration list for PBXNativeTarget "Quiz" */ = {
			isa = XCConfigurationList;
			buildConfigurations = (
				F34FC10E28256BFA0075DF21 /* Debug */,
				F34FC10F28256BFA0075DF21 /* Release */,
			);
			defaultConfigurationIsVisible = 0;
			defaultConfigurationName = Release;
		};
/* End XCConfigurationList section */
	};
	rootObject = F34FC0F128256BF80075DF21 /* Project object */;
}
